
Microsoft Visual Studio Solution File, Format Version 12.00
# Visual Studio Version 17
VisualStudioVersion = 17.11.35222.181
MinimumVisualStudioVersion = 10.0.40219.1
Project("{FAE04EC0-301F-11D3-BF4B-00C04F79EFBC}") = "ParkMate2.0", "ParkMate2.0.csproj", "{63E8E0D7-8F04-4364-A948-49E20D957BCD}"
EndProject
Global
	GlobalSection(SolutionConfigurationPlatforms) = preSolution
		Debug|Any CPU = Debug|Any CPU
		Release|Any CPU = Release|Any CPU
	EndGlobalSection
	GlobalSection(ProjectConfigurationPlatforms) = postSolution
		{63E8E0D7-8F04-4364-A948-49E20D957BCD}.Debug|Any CPU.ActiveCfg = Debug|Any CPU
		{63E8E0D7-8F04-4364-A948-49E20D957BCD}.Debug|Any CPU.Build.0 = Debug|Any CPU
		{63E8E0D7-8F04-4364-A948-49E20D957BCD}.Release|Any CPU.ActiveCfg = Release|Any CPU
		{63E8E0D7-8F04-4364-A948-49E20D957BCD}.Release|Any CPU.Build.0 = Release|Any CPU
	EndGlobalSection
	GlobalSection(SolutionProperties) = preSolution
		HideSolutionNode = FALSE
	EndGlobalSection
	GlobalSection(ExtensibilityGlobals) = postSolution
		SolutionGuid = {8D444DC2-2885-42A8-8CD4-7FD3EE98B34E}
	EndGlobalSection
EndGlobal
